
Microsoft Visual Studio Solution File, Format Version 12.00
# Visual Studio Version 17
VisualStudioVersion = 17.3.32901.215
MinimumVisualStudioVersion = 10.0.40219.1
Project("{FAE04EC0-301F-11D3-BF4B-00C04F79EFBC}") = "bolum2-uyguluma1", "bolum2-uyguluma1\bolum2-uyguluma1.csproj", "{851E491D-15B1-4346-8C7C-4BD14BC55AC3}"
EndProject
Global
	GlobalSection(SolutionConfigurationPlatforms) = preSolution
		Debug|Any CPU = Debug|Any CPU
		Release|Any CPU = Release|Any CPU
	EndGlobalSection
	GlobalSection(ProjectConfigurationPlatforms) = postSolution
		{851E491D-15B1-4346-8C7C-4BD14BC55AC3}.Debug|Any CPU.ActiveCfg = Debug|Any CPU
		{851E491D-15B1-4346-8C7C-4BD14BC55AC3}.Debug|Any CPU.Build.0 = Debug|Any CPU
		{851E491D-15B1-4346-8C7C-4BD14BC55AC3}.Release|Any CPU.ActiveCfg = Release|Any CPU
		{851E491D-15B1-4346-8C7C-4BD14BC55AC3}.Release|Any CPU.Build.0 = Release|Any CPU
	EndGlobalSection
	GlobalSection(SolutionProperties) = preSolution
		HideSolutionNode = FALSE
	EndGlobalSection
	GlobalSection(ExtensibilityGlobals) = postSolution
		SolutionGuid = {938F9470-BEF0-455A-A42A-276126804CF2}
	EndGlobalSection
EndGlobal
